Microsoft Visual Studio Solution File, Format Version 12.00
# Visual Studio Version 17
VisualStudioVersion = 17.5.2.0
MinimumVisualStudioVersion = 10.0.40219.1
Project("{FAE04EC0-301F-11D3-BF4B-00C04F79EFBC}") = "Fizzbuzz", "Fizzbuzz\Fizzbuzz.csproj", "{219CE0B7-1C81-6150-BBFB-ADEA880ED01E}"
EndProject
Global
	GlobalSection(SolutionConfigurationPlatforms) = preSolution
		Debug|Any CPU = Debug|Any CPU
		Release|Any CPU = Release|Any CPU
	EndGlobalSection
	GlobalSection(ProjectConfigurationPlatforms) = postSolution
		{219CE0B7-1C81-6150-BBFB-ADEA880ED01E}.Debug|Any CPU.ActiveCfg = Debug|Any CPU
		{219CE0B7-1C81-6150-BBFB-ADEA880ED01E}.Debug|Any CPU.Build.0 = Debug|Any CPU
		{219CE0B7-1C81-6150-BBFB-ADEA880ED01E}.Release|Any CPU.ActiveCfg = Release|Any CPU
		{219CE0B7-1C81-6150-BBFB-ADEA880ED01E}.Release|Any CPU.Build.0 = Release|Any CPU
	EndGlobalSection
	GlobalSection(SolutionProperties) = preSolution
		HideSolutionNode = FALSE
	EndGlobalSection
	GlobalSection(ExtensibilityGlobals) = postSolution
		SolutionGuid = {ADA43306-805A-4A9C-AA06-00E0838775D6}
	EndGlobalSection
EndGlobal
